// !$*UTF8*$!
{
	archiveVersion = 1;
	classes = {
	};
	objectVersion = 50;
	objects = {

/* Begin PBXBuildFile section */
		4F9A60C2241B3A4C00580937 /* AppDelegate.swift in Sources */ = {isa = PBXBuildFile; fileRef = 4F9A60C1241B3A4C00580937 /* AppDelegate.swift */; };
		4F9A60C4241B3A4C00580937 /* SceneDelegate.swift in Sources */ = {isa = PBXBuildFile; fileRef = 4F9A60C3241B3A4C00580937 /* SceneDelegate.swift */; };
		4F9A60C6241B3A4C00580937 /* ViewController.swift in Sources */ = {isa = PBXBuildFile; fileRef = 4F9A60C5241B3A4C00580937 /* ViewController.swift */; };
		4F9A60C9241B3A4C00580937 /* Main.storyboard in Resources */ = {isa = PBXBuildFile; fileRef = 4F9A60C7241B3A4C00580937 /* Main.storyboard */; };
		4F9A60CB241B3A4D00580937 /* Assets.xcassets in Resources */ = {isa = PBXBuildFile; fileRef = 4F9A60CA241B3A4D00580937 /* Assets.xcassets */; };
		4F9A60CE241B3A4D00580937 /* LaunchScreen.storyboard in Resources */ = {isa = PBXBuildFile; fileRef = 4F9A60CC241B3A4D00580937 /* LaunchScreen.storyboard */; };
		4F9A60D9241B3A4D00580937 /* webviewTests.swift in Sources */ = {isa = PBXBuildFile; fileRef = 4F9A60D8241B3A4D00580937 /* webviewTests.swift */; };
		4F9A60E4241B3A4D00580937 /* webviewUITests.swift in Sources */ = {isa = PBXBuildFile; fileRef = 4F9A60E3241B3A4D00580937 /* webviewUITests.swift */; };
/* End PBXBuildFile section */

/* Begin PBXContainerItemProxy section */
		4F9A60D5241B3A4D00580937 /* PBXContainerItemProxy */ = {
			isa = PBXContainerItemProxy;
			containerPortal = 4F9A60B6241B3A4C00580937 /* Project object */;
			proxyType = 1;
			remoteGlobalIDString = 4F9A60BD241B3A4C00580937;
			remoteInfo = webview;
		};
		4F9A60E0241B3A4D00580937 /* PBXContainerItemProxy */ = {
			isa = PBXContainerItemProxy;
			containerPortal = 4F9A60B6241B3A4C00580937 /* Project object */;
			proxyType = 1;
			remoteGlobalIDString = 4F9A60BD241B3A4C00580937;
			remoteInfo = webview;
		};
/* End PBXContainerItemProxy section */

/* Begin PBXFileReference section */
		4F9A60BE241B3A4C00580937 /* webview.app */ = {isa = PBXFileReference; explicitFileType = wrapper.application; includeInIndex = 0; path = webview.app; sourceTree = BUILT_PRODUCTS_DIR; };
		4F9A60C1241B3A4C00580937 /* AppDelegate.swift */ = {isa = PBXFileReference; lastKnownFileType = sourcecode.swift; path = AppDelegate.swift; sourceTree = "<group>"; };
		4F9A60C3241B3A4C00580937 /* SceneDelegate.swift */ = {isa = PBXFileReference; lastKnownFileType = sourcecode.swift; path = SceneDelegate.swift; sourceTree = "<group>"; };
		4F9A60C5241B3A4C00580937 /* ViewController.swift */ = {isa = PBXFileReference; lastKnownFileType = sourcecode.swift; path = ViewController.swift; sourceTree = "<group>"; };
		4F9A60C8241B3A4C00580937 /* Base */ = {isa = PBXFileReference; lastKnownFileType = file.storyboard; name = Base; path = Base.lproj/Main.storyboard; sourceTree = "<group>"; };
		4F9A60CA241B3A4D00580937 /* Assets.xcassets */ = {isa = PBXFileReference; lastKnownFileType = folder.assetcatalog; path = Assets.xcassets; sourceTree = "<group>"; };
		4F9A60CD241B3A4D00580937 /* Base */ = {isa = PBXFileReference; lastKnownFileType = file.storyboard; name = Base; path = Base.lproj/LaunchScreen.storyboard; sourceTree = "<group>"; };
		4F9A60CF241B3A4D00580937 /* Info.plist */ = {isa = PBXFileReference; lastKnownFileType = text.plist.xml; path = Info.plist; sourceTree = "<group>"; };
		4F9A60D4241B3A4D00580937 /* webviewTests.xctest */ = {isa = PBXFileReference; explicitFileType = wrapper.cfbundle; includeInIndex = 0; path = webviewTests.xctest; sourceTree = BUILT_PRODUCTS_DIR; };
		4F9A60D8241B3A4D00580937 /* webviewTests.swift */ = {isa = PBXFileReference; lastKnownFileType = sourcecode.swift; path = webviewTests.swift; sourceTree = "<group>"; };
		4F9A60DA241B3A4D00580937 /* Info.plist */ = {isa = PBXFileReference; lastKnownFileType = text.plist.xml; path = Info.plist; sourceTree = "<group>"; };
		4F9A60DF241B3A4D00580937 /* webviewUITests.xctest */ = {isa = PBXFileReference; explicitFileType = wrapper.cfbundle; includeInIndex = 0; path = webviewUITests.xctest; sourceTree = BUILT_PRODUCTS_DIR; };
		4F9A60E3241B3A4D00580937 /* webviewUITests.swift */ = {isa = PBXFileReference; lastKnownFileType = sourcecode.swift; path = webviewUITests.swift; sourceTree = "<group>"; };
		4F9A60E5241B3A4D00580937 /* Info.plist */ = {isa = PBXFileReference; lastKnownFileType = text.plist.xml; path = Info.plist; sourceTree = "<group>"; };
/* End PBXFileReference section */

/* Begin PBXFrameworksBuildPhase section */
		4F9A60BB241B3A4C00580937 /* Frameworks */ = {
			isa = PBXFrameworksBuildPhase;
			buildActionMask = 2147483647;
			files = (
			);
			runOnlyForDeploymentPostprocessing = 0;
		};
		4F9A60D1241B3A4D00580937 /* Frameworks */ = {
			isa = PBXFrameworksBuildPhase;
			buildActionMask = 2147483647;
			files = (
			);
			runOnlyForDeploymentPostprocessing = 0;
		};
		4F9A60DC241B3A4D00580937 /* Frameworks */ = {
			isa = PBXFrameworksBuildPhase;
			buildActionMask = 2147483647;
			files = (
			);
			runOnlyForDeploymentPostprocessing = 0;
		};
/* End PBXFrameworksBuildPhase section */

/* Begin PBXGroup section */
		4F9A60B5241B3A4C00580937 = {
			isa = PBXGroup;
			children = (
				4F9A60C0241B3A4C00580937 /* webview */,
				4F9A60D7241B3A4D00580937 /* webviewTests */,
				4F9A60E2241B3A4D00580937 /* webviewUITests */,
				4F9A60BF241B3A4C00580937 /* Products */,
			);
			sourceTree = "<group>";
		};
		4F9A60BF241B3A4C00580937 /* Products */ = {
			isa = PBXGroup;
			children = (
				4F9A60BE241B3A4C00580937 /* webview.app */,
				4F9A60D4241B3A4D00580937 /* webviewTests.xctest */,
				4F9A60DF241B3A4D00580937 /* webviewUITests.xctest */,
			);
			name = Products;
			sourceTree = "<group>";
		};
		4F9A60C0241B3A4C00580937 /* webview */ = {
			isa = PBXGroup;
			children = (
				4F9A60C1241B3A4C00580937 /* AppDelegate.swift */,
				4F9A60C3241B3A4C00580937 /* SceneDelegate.swift */,
				4F9A60C5241B3A4C00580937 /* ViewController.swift */,
				4F9A60C7241B3A4C00580937 /* Main.storyboard */,
				4F9A60CA241B3A4D00580937 /* Assets.xcassets */,
				4F9A60CC241B3A4D00580937 /* LaunchScreen.storyboard */,
				4F9A60CF241B3A4D00580937 /* Info.plist */,
			);
			path = webview;
			sourceTree = "<group>";
		};
		4F9A60D7241B3A4D00580937 /* webviewTests */ = {
			isa = PBXGroup;
			children = (
				4F9A60D8241B3A4D00580937 /* webviewTests.swift */,
				4F9A60DA241B3A4D00580937 /* Info.plist */,
			);
			path = webviewTests;
			sourceTree = "<group>";
		};
		4F9A60E2241B3A4D00580937 /* webviewUITests */ = {
			isa = PBXGroup;
			children = (
				4F9A60E3241B3A4D00580937 /* webviewUITests.swift */,
				4F9A60E5241B3A4D00580937 /* Info.plist */,
			);
			path = webviewUITests;
			sourceTree = "<group>";
		};
/* End PBXGroup section */

/* Begin PBXNativeTarget section */
		4F9A60BD241B3A4C00580937 /* webview */ = {
			isa = PBXNativeTarget;
			buildConfigurationList = 4F9A60E8241B3A4D00580937 /* Build configuration list for PBXNativeTarget "webview" */;
			buildPhases = (
				4F9A60BA241B3A4C00580937 /* Sources */,
				4F9A60BB241B3A4C00580937 /* Frameworks */,
				4F9A60BC241B3A4C00580937 /* Resources */,
			);
			buildRules = (
			);
			dependencies = (
			);
			name = webview;
			productName = webview;
			productReference = 4F9A60BE241B3A4C00580937 /* webview.app */;
			productType = "com.apple.product-type.application";
		};
		4F9A60D3241B3A4D00580937 /* webviewTests */ = {
			isa = PBXNativeTarget;
			buildConfigurationList = 4F9A60EB241B3A4D00580937 /* Build configuration list for PBXNativeTarget "webviewTests" */;
			buildPhases = (
				4F9A60D0241B3A4D00580937 /* Sources */,
				4F9A60D1241B3A4D00580937 /* Frameworks */,
				4F9A60D2241B3A4D00580937 /* Resources */,
			);
			buildRules = (
			);
			dependencies = (
				4F9A60D6241B3A4D00580937 /* PBXTargetDependency */,
			);
			name = webviewTests;
			productName = webviewTests;
			productReference = 4F9A60D4241B3A4D00580937 /* webviewTests.xctest */;
			productType = "com.apple.product-type.bundle.unit-test";
		};
		4F9A60DE241B3A4D00580937 /* webviewUITests */ = {
			isa = PBXNativeTarget;
			buildConfigurationList = 4F9A60EE241B3A4D00580937 /* Build configuration list for PBXNativeTarget "webviewUITests" */;
			buildPhases = (
				4F9A60DB241B3A4D00580937 /* Sources */,
				4F9A60DC241B3A4D00580937 /* Frameworks */,
				4F9A60DD241B3A4D00580937 /* Resources */,
			);
			buildRules = (
			);
			dependencies = (
				4F9A60E1241B3A4D00580937 /* PBXTargetDependency */,
			);
			name = webviewUITests;
			productName = webviewUITests;
			productReference = 4F9A60DF241B3A4D00580937 /* webviewUITests.xctest */;
			productType = "com.apple.product-type.bundle.ui-testing";
		};
/* End PBXNativeTarget section */

/* Begin PBXProject section */
		4F9A60B6241B3A4C00580937 /* Project object */ = {
			isa = PBXProject;
			attributes = {
				LastSwiftUpdateCheck = 1130;
				LastUpgradeCheck = 1130;
				ORGANIZATIONNAME = "Hiep Nguyen";
				TargetAttributes = {
					4F9A60BD241B3A4C00580937 = {
						CreatedOnToolsVersion = 11.3.1;
					};
					4F9A60D3241B3A4D00580937 = {
						CreatedOnToolsVersion = 11.3.1;
						TestTargetID = 4F9A60BD241B3A4C00580937;
					};
					4F9A60DE241B3A4D00580937 = {
						CreatedOnToolsVersion = 11.3.1;
						TestTargetID = 4F9A60BD241B3A4C00580937;
					};
				};
			};
			buildConfigurationList = 4F9A60B9241B3A4C00580937 /* Build configuration list for PBXProject "webview" */;
			compatibilityVersion = "Xcode 9.3";
			developmentRegion = en;
			hasScannedForEncodings = 0;
			knownRegions = (
				en,
				Base,
			);
			mainGroup = 4F9A60B5241B3A4C00580937;
			productRefGroup = 4F9A60BF241B3A4C00580937 /* Products */;
			projectDirPath = "";
			projectRoot = "";
			targets = (
				4F9A60BD241B3A4C00580937 /* webview */,
				4F9A60D3241B3A4D00580937 /* webviewTests */,
				4F9A60DE241B3A4D00580937 /* webviewUITests */,
			);
		};
/* End PBXProject section */

/* Begin PBXResourcesBuildPhase section */
		4F9A60BC241B3A4C00580937 /* Resources */ = {
			isa = PBXResourcesBuildPhase;
			buildActionMask = 2147483647;
			files = (
				4F9A60CE241B3A4D00580937 /* LaunchScreen.storyboard in Resources */,
				4F9A60CB241B3A4D00580937 /* Assets.xcassets in Resources */,
				4F9A60C9241B3A4C00580937 /* Main.storyboard in Resources */,
			);
			runOnlyForDeploymentPostprocessing = 0;
		};
		4F9A60D2241B3A4D00580937 /* Resources */ = {
			isa = PBXResourcesBuildPhase;
			buildActionMask = 2147483647;
			files = (
			);
			runOnlyForDeploymentPostprocessing = 0;
		};
		4F9A60DD241B3A4D00580937 /* Resources */ = {
			isa = PBXResourcesBuildPhase;
			buildActionMask = 2147483647;
			files = (
			);
			runOnlyForDeploymentPostprocessing = 0;
		};
/* End PBXResourcesBuildPhase section */

/* Begin PBXSourcesBuildPhase section */
		4F9A60BA241B3A4C00580937 /* Sources */ = {
			isa = PBXSourcesBuildPhase;
			buildActionMask = 2147483647;
			files = (
				4F9A60C6241B3A4C00580937 /* ViewController.swift in Sources */,
				4F9A60C2241B3A4C00580937 /* AppDelegate.swift in Sources */,
				4F9A60C4241B3A4C00580937 /* SceneDelegate.swift in Sources */,
			);
			runOnlyForDeploymentPostprocessing = 0;
		};
		4F9A60D0241B3A4D00580937 /* Sources */ = {
			isa = PBXSourcesBuildPhase;
			buildActionMask = 2147483647;
			files = (
				4F9A60D9241B3A4D00580937 /* webviewTests.swift in Sources */,
			);
			runOnlyForDeploymentPostprocessing = 0;
		};
		4F9A60DB241B3A4D00580937 /* Sources */ = {
			isa = PBXSourcesBuildPhase;
			buildActionMask = 2147483647;
			files = (
				4F9A60E4241B3A4D00580937 /* webviewUITests.swift in Sources */,
			);
			runOnlyForDeploymentPostprocessing = 0;
		};
/* End PBXSourcesBuildPhase section */

/* Begin PBXTargetDependency section */
		4F9A60D6241B3A4D00580937 /* PBXTargetDependency */ = {
			isa = PBXTargetDependency;
			target = 4F9A60BD241B3A4C00580937 /* webview */;
			targetProxy = 4F9A60D5241B3A4D00580937 /* PBXContainerItemProxy */;
		};
		4F9A60E1241B3A4D00580937 /* PBXTargetDependency */ = {
			isa = PBXTargetDependency;
			target = 4F9A60BD241B3A4C00580937 /* webview */;
			targetProxy = 4F9A60E0241B3A4D00580937 /* PBXContainerItemProxy */;
		};
/* End PBXTargetDependency section */

/* Begin PBXVariantGroup section */
		4F9A60C7241B3A4C00580937 /* Main.storyboard */ = {
			isa = PBXVariantGroup;
			children = (
				4F9A60C8241B3A4C00580937 /* Base */,
			);
			name = Main.storyboard;
			sourceTree = "<group>";
		};
		4F9A60CC241B3A4D00580937 /* LaunchScreen.storyboard */ = {
			isa = PBXVariantGroup;
			children = (
				4F9A60CD241B3A4D00580937 /* Base */,
			);
			name = LaunchScreen.storyboard;
			sourceTree = "<group>";
		};
/* End PBXVariantGroup section */

/* Begin XCBuildConfiguration section */
		4F9A60E6241B3A4D00580937 /* Debug */ = {
			isa = XCBuildConfiguration;
			buildSettings = {
				ALWAYS_SEARCH_USER_PATHS = NO;
				CLANG_ANALYZER_NONNULL = YES;
				CLANG_ANALYZER_NUMBER_OBJECT_CONVERSION = YES_AGGRESSIVE;
				CLANG_CXX_LANGUAGE_STANDARD = "gnu++14";
				CLANG_CXX_LIBRARY = "libc++";
				CLANG_ENABLE_MODULES = YES;
				CLANG_ENABLE_OBJC_ARC = YES;
				CLANG_ENABLE_OBJC_WEAK = YES;
				CLANG_WARN_BLOCK_CAPTURE_AUTORELEASING = YES;
				CLANG_WARN_BOOL_CONVERSION = YES;
				CLANG_WARN_COMMA = YES;
				CLANG_WARN_CONSTANT_CONVERSION = YES;
				CLANG_WARN_DEPRECATED_OBJC_IMPLEMENTATIONS = YES;
				CLANG_WARN_DIRECT_OBJC_ISA_USAGE = YES_ERROR;
				CLANG_WARN_DOCUMENTATION_COMMENTS = YES;
				CLANG_WARN_EMPTY_BODY = YES;
				CLANG_WARN_ENUM_CONVERSION = YES;
				CLANG_WARN_INFINITE_RECURSION = YES;
				CLANG_WARN_INT_CONVERSION = YES;
				CLANG_WARN_NON_LITERAL_NULL_CONVERSION = YES;
				CLANG_WARN_OBJC_IMPLICIT_RETAIN_SELF = YES;
				CLANG_WARN_OBJC_LITERAL_CONVERSION = YES;
				CLANG_WARN_OBJC_ROOT_CLASS = YES_ERROR;
				CLANG_WARN_RANGE_LOOP_ANALYSIS = YES;
				CLANG_WARN_STRICT_PROTOTYPES = YES;
				CLANG_WARN_SUSPICIOUS_MOVE = YES;
				CLANG_WARN_UNGUARDED_AVAILABILITY = YES_AGGRESSIVE;
				CLANG_WARN_UNREACHABLE_CODE = YES;
				CLANG_WARN__DUPLICATE_METHOD_MATCH = YES;
				COPY_PHASE_STRIP = NO;
				DEBUG_INFORMATION_FORMAT = dwarf;
				ENABLE_STRICT_OBJC_MSGSEND = YES;
				ENABLE_TESTABILITY = YES;
				GCC_C_LANGUAGE_STANDARD = gnu11;
				GCC_DYNAMIC_NO_PIC = NO;
				GCC_NO_COMMON_BLOCKS = YES;
				GCC_OPTIMIZATION_LEVEL = 0;
				GCC_PREPROCESSOR_DEFINITIONS = (
					"DEBUG=1",
					"$(inherited)",
				);
				GCC_WARN_64_TO_32_BIT_CONVERSION = YES;
				GCC_WARN_ABOUT_RETURN_TYPE = YES_ERROR;
				GCC_WARN_UNDECLARED_SELECTOR = YES;
				GCC_WARN_UNINITIALIZED_AUTOS = YES_AGGRESSIVE;
				GCC_WARN_UNUSED_FUNCTION = YES;
				GCC_WARN_UNUSED_VARIABLE = YES;
				IPHONEOS_DEPLOYMENT_TARGET = 13.2;
				MTL_ENABLE_DEBUG_INFO = INCLUDE_SOURCE;
				MTL_FAST_MATH = YES;
				ONLY_ACTIVE_ARCH = YES;
				SDKROOT = iphoneos;
				SWIFT_ACTIVE_COMPILATION_CONDITIONS = DEBUG;
				SWIFT_OPTIMIZATION_LEVEL = "-Onone";
			};
			name = Debug;
		};
		4F9A60E7241B3A4D00580937 /* Release */ = {
			isa = XCBuildConfiguration;
			buildSettings = {
				ALWAYS_SEARCH_USER_PATHS = NO;
				CLANG_ANALYZER_NONNULL = YES;
				CLANG_ANALYZER_NUMBER_OBJECT_CONVERSION = YES_AGGRESSIVE;
				CLANG_CXX_LANGUAGE_STANDARD = "gnu++14";
				CLANG_CXX_LIBRARY = "libc++";
				CLANG_ENABLE_MODULES = YES;
				CLANG_ENABLE_OBJC_ARC = YES;
				CLANG_ENABLE_OBJC_WEAK = YES;
				CLANG_WARN_BLOCK_CAPTURE_AUTORELEASING = YES;
				CLANG_WARN_BOOL_CONVERSION = YES;
				CLANG_WARN_COMMA = YES;
				CLANG_WARN_CONSTANT_CONVERSION = YES;
				CLANG_WARN_DEPRECATED_OBJC_IMPLEMENTATIONS = YES;
				CLANG_WARN_DIRECT_OBJC_ISA_USAGE = YES_ERROR;
				CLANG_WARN_DOCUMENTATION_COMMENTS = YES;
				CLANG_WARN_EMPTY_BODY = YES;
				CLANG_WARN_ENUM_CONVERSION = YES;
				CLANG_WARN_INFINITE_RECURSION = YES;
				CLANG_WARN_INT_CONVERSION = YES;
				CLANG_WARN_NON_LITERAL_NULL_CONVERSION = YES;
				CLANG_WARN_OBJC_IMPLICIT_RETAIN_SELF = YES;
				CLANG_WARN_OBJC_LITERAL_CONVERSION = YES;
				CLANG_WARN_OBJC_ROOT_CLASS = YES_ERROR;
				CLANG_WARN_RANGE_LOOP_ANALYSIS = YES;
				CLANG_WARN_STRICT_PROTOTYPES = YES;
				CLANG_WARN_SUSPICIOUS_MOVE = YES;
				CLANG_WARN_UNGUARDED_AVAILABILITY = YES_AGGRESSIVE;
				CLANG_WARN_UNREACHABLE_CODE = YES;
				CLANG_WARN__DUPLICATE_METHOD_MATCH = YES;
				COPY_PHASE_STRIP = NO;
				DEBUG_INFORMATION_FORMAT = "dwarf-with-dsym";
				ENABLE_NS_ASSERTIONS = NO;
				ENABLE_STRICT_OBJC_MSGSEND = YES;
				GCC_C_LANGUAGE_STANDARD = gnu11;
				GCC_NO_COMMON_BLOCKS = YES;
				GCC_WARN_64_TO_32_BIT_CONVERSION = YES;
				GCC_WARN_ABOUT_RETURN_TYPE = YES_ERROR;
				GCC_WARN_UNDECLARED_SELECTOR = YES;
				GCC_WARN_UNINITIALIZED_AUTOS = YES_AGGRESSIVE;
				GCC_WARN_UNUSED_FUNCTION = YES;
				GCC_WARN_UNUSED_VARIABLE = YES;
				IPHONEOS_DEPLOYMENT_TARGET = 13.2;
				MTL_ENABLE_DEBUG_INFO = NO;
				MTL_FAST_MATH = YES;
				SDKROOT = iphoneos;
				SWIFT_COMPILATION_MODE = wholemodule;
				SWIFT_OPTIMIZATION_LEVEL = "-O";
				VALIDATE_PRODUCT = YES;
			};
			name = Release;
		};
		4F9A60E9241B3A4D00580937 /* Debug */ = {
			isa = XCBuildConfiguration;
			buildSettings = {
				ASSETCATALOG_COMPILER_APPICON_NAME = AppIcon;
				CODE_SIGN_STYLE = Automatic;
				INFOPLIST_FILE = webview/Info.plist;
				LD_RUNPATH_SEARCH_PATHS = (
					"$(inherited)",
					"@executable_path/Frameworks",
				);
				PRODUCT_BUNDLE_IDENTIFIER = Hiep.webview;
				PRODUCT_NAME = "$(TARGET_NAME)";
				SWIFT_VERSION = 5.0;
				TARGETED_DEVICE_FAMILY = "1,2";
			};
			name = Debug;
		};
		4F9A60EA241B3A4D00580937 /* Release */ = {
			isa = XCBuildConfiguration;
			buildSettings = {
				ASSETCATALOG_COMPILER_APPICON_NAME = AppIcon;
				CODE_SIGN_STYLE = Automatic;
				INFOPLIST_FILE = webview/Info.plist;
				LD_RUNPATH_SEARCH_PATHS = (
					"$(inherited)",
					"@executable_path/Frameworks",
				);
				PRODUCT_BUNDLE_IDENTIFIER = Hiep.webview;
				PRODUCT_NAME = "$(TARGET_NAME)";
				SWIFT_VERSION = 5.0;
				TARGETED_DEVICE_FAMILY = "1,2";
			};
			name = Release;
		};
		4F9A60EC241B3A4D00580937 /* Debug */ = {
			isa = XCBuildConfiguration;
			buildSettings = {
				ALWAYS_EMBED_SWIFT_STANDARD_LIBRARIES = YES;
				BUNDLE_LOADER = "$(TEST_HOST)";
				CODE_SIGN_STYLE = Automatic;
				INFOPLIST_FILE = webviewTests/Info.plist;
				IPHONEOS_DEPLOYMENT_TARGET = 13.2;
				LD_RUNPATH_SEARCH_PATHS = (
					"$(inherited)",
					"@executable_path/Frameworks",
					"@loader_path/Frameworks",
				);
				PRODUCT_BUNDLE_IDENTIFIER = Hiep.webviewTests;
				PRODUCT_NAME = "$(TARGET_NAME)";
				SWIFT_VERSION = 5.0;
				TARGETED_DEVICE_FAMILY = "1,2";
				TEST_HOST = "$(BUILT_PRODUCTS_DIR)/webview.app/webview";
			};
			name = Debug;
		};
		4F9A60ED241B3A4D00580937 /* Release */ = {
			isa = XCBuildConfiguration;
			buildSettings = {
				ALWAYS_EMBED_SWIFT_STANDARD_LIBRARIES = YES;
				BUNDLE_LOADER = "$(TEST_HOST)";
				CODE_SIGN_STYLE = Automatic;
				INFOPLIST_FILE = webviewTests/Info.plist;
				IPHONEOS_DEPLOYMENT_TARGET = 13.2;
				LD_RUNPATH_SEARCH_PATHS = (
					"$(inherited)",
					"@executable_path/Frameworks",
					"@loader_path/Frameworks",
				);
				PRODUCT_BUNDLE_IDENTIFIER = Hiep.webviewTests;
				PRODUCT_NAME = "$(TARGET_NAME)";
				SWIFT_VERSION = 5.0;
				TARGETED_DEVICE_FAMILY = "1,2";
				TEST_HOST = "$(BUILT_PRODUCTS_DIR)/webview.app/webview";
			};
			name = Release;
		};
		4F9A60EF241B3A4D00580937 /* Debug */ = {
			isa = XCBuildConfiguration;
			buildSettings = {
				ALWAYS_EMBED_SWIFT_STANDARD_LIBRARIES = YES;
				CODE_SIGN_STYLE = Automatic;
				INFOPLIST_FILE = webviewUITests/Info.plist;
				LD_RUNPATH_SEARCH_PATHS = (
					"$(inherited)",
					"@executable_path/Frameworks",
					"@loader_path/Frameworks",
				);
				PRODUCT_BUNDLE_IDENTIFIER = Hiep.webviewUITests;
				PRODUCT_NAME = "$(TARGET_NAME)";
				SWIFT_VERSION = 5.0;
				TARGETED_DEVICE_FAMILY = "1,2";
				TEST_TARGET_NAME = webview;
			};
			name = Debug;
		};
		4F9A60F0241B3A4D00580937 /* Release */ = {
			isa = XCBuildConfiguration;
			buildSettings = {
				ALWAYS_EMBED_SWIFT_STANDARD_LIBRARIES = YES;
				CODE_SIGN_STYLE = Automatic;
				INFOPLIST_FILE = webviewUITests/Info.plist;
				LD_RUNPATH_SEARCH_PATHS = (
					"$(inherited)",
					"@executable_path/Frameworks",
					"@loader_path/Frameworks",
				);
				PRODUCT_BUNDLE_IDENTIFIER = Hiep.webviewUITests;
				PRODUCT_NAME = "$(TARGET_NAME)";
				SWIFT_VERSION = 5.0;
				TARGETED_DEVICE_FAMILY = "1,2";
				TEST_TARGET_NAME = webview;
			};
			name = Release;
		};
/* End XCBuildConfiguration section */

/* Begin XCConfigurationList section */
		4F9A60B9241B3A4C00580937 /* Build configuration list for PBXProject "webview" */ = {
			isa = XCConfigurationList;
			buildConfigurations = (
				4F9A60E6241B3A4D00580937 /* Debug */,
				4F9A60E7241B3A4D00580937 /* Release */,
			);
			defaultConfigurationIsVisible = 0;
			defaultConfigurationName = Release;
		};
		4F9A60E8241B3A4D00580937 /* Build configuration list for PBXNativeTarget "webview" */ = {
			isa = XCConfigurationList;
			buildConfigurations = (
				4F9A60E9241B3A4D00580937 /* Debug */,
				4F9A60EA241B3A4D00580937 /* Release */,
			);
			defaultConfigurationIsVisible = 0;
			defaultConfigurationName = Release;
		};
		4F9A60EB241B3A4D00580937 /* Build configuration list for PBXNativeTarget "webviewTests" */ = {
			isa = XCConfigurationList;
			buildConfigurations = (
				4F9A60EC241B3A4D00580937 /* Debug */,
				4F9A60ED241B3A4D00580937 /* Release */,
			);
			defaultConfigurationIsVisible = 0;
			defaultConfigurationName = Release;
		};
		4F9A60EE241B3A4D00580937 /* Build configuration list for PBXNativeTarget "webviewUITests" */ = {
			isa = XCConfigurationList;
			buildConfigurations = (
				4F9A60EF241B3A4D00580937 /* Debug */,
				4F9A60F0241B3A4D00580937 /* Release */,
			);
			defaultConfigurationIsVisible = 0;
			defaultConfigurationName = Release;
		};
/* End XCConfigurationList section */
	};
	rootObject = 4F9A60B6241B3A4C00580937 /* Project object */;
}
